<?xml version="1.0" encoding="utf-8"?>
<Project ToolsVersion="4.0" xmlns="http://schemas.microsoft.com/developer/msbuild/2003">
  <ItemGroup>
    <Filter Include="Source Files">
      <UniqueIdentifier>{4FC737F1-C7A5-4376-A066-2A32D752A2FF}</UniqueIdentifier>
      <Extensions>cpp;c;cc;cxx;def;odl;idl;hpj;bat;asm;asmx</Extensions>
    </Filter>
    <Filter Include="Header Files">
      <UniqueIdentifier>{93995380-89BD-4b04-88EB-625FBE52EBFB}</UniqueIdentifier>
      <Extensions>h;hpp;hxx;hm;inl;inc;xsd</Extensions>
    </Filter>
    <Filter Include="Resource Files">
      <UniqueIdentifier>{67DA6AB6-F800-4c08-8B7A-83BB121AAD01}</UniqueIdentifier>
      <Extensions>rc;ico;cur;bmp;dlg;rc2;rct;bin;rgs;gif;jpg;jpeg;jpe;resx;tiff;tif;png;wav;mfcribbon-ms</Extensions>
    </Filter>
    <Filter Include="Driver Files">
      <UniqueIdentifier>{8E41214B-6785-4CFE-B992-037D68949A14}</UniqueIdentifier>
      <Extensions>inf;inv;inx;mof;mc;</Extensions>
    </Filter>
    <Filter Include="Source Files\이벤트">
      <UniqueIdentifier>{86baab2f-3cd9-4b2c-b87e-67dbd07459f7}</UniqueIdentifier>
    </Filter>
    <Filter Include="Source Files\이벤트\프로세스 생성">
      <UniqueIdentifier>{6a1e4a4b-5f47-45bc-8257-c89d33fcbbd5}</UniqueIdentifier>
    </Filter>
    <Filter Include="Source Files\이벤트\프로세스 종료">
      <UniqueIdentifier>{bebfe58f-cdcc-4b02-89ba-4ba413aa3177}</UniqueIdentifier>
    </Filter>
    <Filter Include="Source Files\이벤트\레지스트리 사용">
      <UniqueIdentifier>{af6513f2-b972-4726-bef9-eb5137292db0}</UniqueIdentifier>
    </Filter>
    <Filter Include="Source Files\이벤트\파일시스템">
      <UniqueIdentifier>{1f98ceff-330c-4547-a5a7-eeae0e27d8eb}</UniqueIdentifier>
    </Filter>
    <Filter Include="Source Files\이벤트\네트워크">
      <UniqueIdentifier>{58ca5e04-1cd0-44b4-ab05-42d5465f9581}</UniqueIdentifier>
    </Filter>
    <Filter Include="Source Files\유틸리티">
      <UniqueIdentifier>{832d160d-d350-45f9-bb2c-7986fb4e75bb}</UniqueIdentifier>
    </Filter>
    <Filter Include="Source Files\이벤트\main">
      <UniqueIdentifier>{ab43d868-bd02-41c3-8767-7b7c64fc23c5}</UniqueIdentifier>
    </Filter>
    <Filter Include="Source Files\EDR_간_세션">
      <UniqueIdentifier>{fabefb9c-eaca-4de3-9bb4-d7a0871ce40d}</UniqueIdentifier>
    </Filter>
    <Filter Include="Source Files\유틸리티\잡동사니">
      <UniqueIdentifier>{44417b90-92a4-411f-afaa-11f3ff251c8c}</UniqueIdentifier>
    </Filter>
    <Filter Include="Source Files\유틸리티\잡동사니\컨버터">
      <UniqueIdentifier>{8162e9f8-bc06-4b56-990a-32ed5ab20913}</UniqueIdentifier>
    </Filter>
    <Filter Include="Source Files\유틸리티\잡동사니\대기시간">
      <UniqueIdentifier>{09a3db7c-b4cf-4d97-826c-c223521afb0e}</UniqueIdentifier>
    </Filter>
    <Filter Include="Source Files\유틸리티\잡동사니\상호배제">
      <UniqueIdentifier>{3857c829-de2b-497b-91a4-3b5e77bdb7a9}</UniqueIdentifier>
    </Filter>
    <Filter Include="Source Files\유틸리티\잡동사니\SMBIOS">
      <UniqueIdentifier>{9d388e4e-9df4-48ab-bc64-fb500dd731af}</UniqueIdentifier>
    </Filter>
    <Filter Include="Source Files\유틸리티\잡동사니\해시">
      <UniqueIdentifier>{efbcd3fa-3ac0-4a02-9af4-7a250b02212e}</UniqueIdentifier>
    </Filter>
    <Filter Include="Source Files\유틸리티\잡동사니\해시\SHA256">
      <UniqueIdentifier>{ba0f9ace-81ad-48c0-9247-290336f0e30e}</UniqueIdentifier>
    </Filter>
    <Filter Include="Source Files\유틸리티\잡동사니\API_로더">
      <UniqueIdentifier>{2451a95b-f685-4a0d-b76a-c63132c4e12f}</UniqueIdentifier>
    </Filter>
    <Filter Include="Source Files\EDR_간_세션\초기통신">
      <UniqueIdentifier>{f46eba16-1ab3-4702-9a15-5f277f42ab07}</UniqueIdentifier>
    </Filter>
    <Filter Include="Source Files\EDR_간_세션\데이터통신">
      <UniqueIdentifier>{f1311e26-154f-41a1-8446-c0e18f904714}</UniqueIdentifier>
    </Filter>
    <Filter Include="Source Files\EDR_간_세션\main">
      <UniqueIdentifier>{de318f18-59a6-4f42-a1be-99465ec7cd60}</UniqueIdentifier>
    </Filter>
    <Filter Include="Source Files\유틸리티\길이기반_포맷">
      <UniqueIdentifier>{22ec5df4-73a0-4e8b-9957-45f3987398e3}</UniqueIdentifier>
    </Filter>
    <Filter Include="Source Files\EDR_간_세션\enum">
      <UniqueIdentifier>{d80c3a2e-a6f2-4891-b26e-14b9efe5a967}</UniqueIdentifier>
    </Filter>
    <Filter Include="Source Files\유틸리티\잡동사니\현재시간">
      <UniqueIdentifier>{3f984110-ffc2-4ac5-ba5a-d7f0d6dea0c7}</UniqueIdentifier>
    </Filter>
    <Filter Include="Source Files\유틸리티\잡동사니\TCP통신">
      <UniqueIdentifier>{c98331f1-6ba7-4e04-bb47-c895d5e6c393}</UniqueIdentifier>
    </Filter>
    <Filter Include="Source Files\유틸리티\잡동사니\TCP통신\소켓">
      <UniqueIdentifier>{c3155fca-2de4-4ffa-8b4f-b03d008d0e66}</UniqueIdentifier>
    </Filter>
    <Filter Include="Source Files\유틸리티\잡동사니\OS버전체커">
      <UniqueIdentifier>{e0730c67-8ea0-4837-a722-201089eb600a}</UniqueIdentifier>
    </Filter>
    <Filter Include="Source Files\유틸리티\잡동사니\컨버터\문자열">
      <UniqueIdentifier>{e859273b-18f8-4a1e-a8e5-bb5cd771726a}</UniqueIdentifier>
    </Filter>
    <Filter Include="Source Files\유틸리티\길이기반_포맷\버퍼-&gt;연결리스트 변환">
      <UniqueIdentifier>{8902fd9d-bc33-4b5d-9ed1-6052f243d7c4}</UniqueIdentifier>
    </Filter>
    <Filter Include="Source Files\유틸리티\길이기반_포맷\연결리스트">
      <UniqueIdentifier>{ddcb2802-e4cb-429b-a36d-7ef9cadce0b1}</UniqueIdentifier>
    </Filter>
    <Filter Include="Source Files\유틸리티\길이기반_포맷\연결리스트-&gt;버퍼 변환">
      <UniqueIdentifier>{9bd66b6a-ce3c-4b09-8050-e918f891514a}</UniqueIdentifier>
    </Filter>
    <Filter Include="Source Files\유틸리티\시스템프로세스 체커">
      <UniqueIdentifier>{1203b956-34d1-4c1f-8260-758e8baee066}</UniqueIdentifier>
    </Filter>
    <Filter Include="Source Files\유틸리티\시스템프로세스 체커\SID">
      <UniqueIdentifier>{a294e51d-a9b7-459e-b85e-85618dd88c1d}</UniqueIdentifier>
    </Filter>
    <Filter Include="Source Files\유틸리티\시스템프로세스 체커\is_system_check">
      <UniqueIdentifier>{470d90fd-63db-4ce6-b20c-a18bce6d7bd3}</UniqueIdentifier>
    </Filter>
    <Filter Include="Source Files\유틸리티\잡동사니\TCP통신\송수신기">
      <UniqueIdentifier>{43f45235-a832-4865-b5e8-44341b928b9e}</UniqueIdentifier>
    </Filter>
    <Filter Include="Source Files\EDR_간_세션\데이터통신\Request_ALL_Monitored_Data">
      <UniqueIdentifier>{fbffc0c9-0003-40bc-a586-a817c6d094e5}</UniqueIdentifier>
    </Filter>
    <Filter Include="Source Files\EDR_간_세션\데이터통신\Request_Real_File">
      <UniqueIdentifier>{565d5810-7277-4809-9f6f-45c830e4dbf8}</UniqueIdentifier>
    </Filter>
    <Filter Include="Source Files\유틸리티\잡동사니\파일IO">
      <UniqueIdentifier>{7b430e01-8a4a-41b8-a40d-e0f8bed11aa3}</UniqueIdentifier>
    </Filter>
    <Filter Include="Source Files\유틸리티\잡동사니\PE">
      <UniqueIdentifier>{da274398-97d2-437c-8a95-1e8401038e96}</UniqueIdentifier>
    </Filter>
    <Filter Include="Source Files\이벤트\이미지">
      <UniqueIdentifier>{1a8b8745-5610-4060-8f0a-5bd50436de3c}</UniqueIdentifier>
    </Filter>
    <Filter Include="Source Files\이벤트\파일시스템\미니필터핸들러">
      <UniqueIdentifier>{37e1f557-668b-4699-bd25-c4a113f3baea}</UniqueIdentifier>
    </Filter>
    <Filter Include="Source Files\이벤트\파일시스템\미니필터등록기">
      <UniqueIdentifier>{775ed789-6523-4824-bc36-acb8e3bcc1c6}</UniqueIdentifier>
    </Filter>
    <Filter Include="Source Files\유틸리티\잡동사니\전역WorkItem 구조체">
      <UniqueIdentifier>{307e8a9f-5f9d-42cf-b373-49ea8e8930f7}</UniqueIdentifier>
    </Filter>
    <Filter Include="Source Files\유틸리티\잡동사니\컨버터\프로세스">
      <UniqueIdentifier>{8b1ff262-6d8c-406f-86f0-ee3c7adafc5f}</UniqueIdentifier>
    </Filter>
    <Filter Include="Source Files\유틸리티\IOCTL">
      <UniqueIdentifier>{224855ac-4a19-46b1-9cca-d20aa9b8f1c2}</UniqueIdentifier>
    </Filter>
    <Filter Include="Source Files\이벤트\네트워크\WORK">
      <UniqueIdentifier>{36ff63cf-b565-42ab-81f3-fb3fe322313b}</UniqueIdentifier>
    </Filter>
    <Filter Include="Source Files\이벤트\WorkItem">
      <UniqueIdentifier>{e1642b1f-c890-446c-b169-cc2efd083b01}</UniqueIdentifier>
    </Filter>
    <Filter Include="Source Files\차단">
      <UniqueIdentifier>{2bfa8a85-05e5-4de6-8141-2cf3bed4e9c6}</UniqueIdentifier>
    </Filter>
    <Filter Include="Source Files\차단\프로세스">
      <UniqueIdentifier>{bf98744b-652d-4515-8fda-2f7da270f017}</UniqueIdentifier>
    </Filter>
    <Filter Include="Source Files\차단\네트워크">
      <UniqueIdentifier>{c5cf9f2c-38b9-4a02-9191-44950e1a4c0e}</UniqueIdentifier>
    </Filter>
    <Filter Include="Source Files\차단\프로세스\ObRegisterCallbakcs등록">
      <UniqueIdentifier>{ab380d4d-fd85-4739-8c92-1bb023cfc57d}</UniqueIdentifier>
    </Filter>
    <Filter Include="Source Files\EDR_간_세션\데이터통신\Response">
      <UniqueIdentifier>{c794e5de-6515-4375-aefe-1ec2e114d716}</UniqueIdentifier>
    </Filter>
    <Filter Include="Source Files\EDR_간_세션\데이터통신\Response\Process">
      <UniqueIdentifier>{780c4e6d-1b30-4501-9554-5a385593c874}</UniqueIdentifier>
    </Filter>
    <Filter Include="Source Files\EDR_간_세션\데이터통신\Response\Network">
      <UniqueIdentifier>{ab60db43-5e62-4dc6-a56e-630fc60513f9}</UniqueIdentifier>
    </Filter>
    <Filter Include="Source Files\EDR_간_세션\데이터통신\Response\File">
      <UniqueIdentifier>{02427f2a-0e18-4337-a28a-09e7e82f4d2b}</UniqueIdentifier>
    </Filter>
    <Filter Include="Source Files\차단\파일">
      <UniqueIdentifier>{aed64779-ae79-4eca-a57d-a6b32930c995}</UniqueIdentifier>
    </Filter>
  </ItemGroup>
  <ItemGroup>
    <Inf Include="AI_EDR_AGENT.inf">
      <Filter>Driver Files</Filter>
    </Inf>
  </ItemGroup>
  <ItemGroup>
    <ClCompile Include="main.c">
      <Filter>Source Files</Filter>
    </ClCompile>
    <ClCompile Include="OS_Version_Checker_logic.c">
      <Filter>Source Files\유틸리티\잡동사니\OS버전체커</Filter>
    </ClCompile>
    <ClCompile Include="Event_Manager_logic.c">
      <Filter>Source Files\이벤트\main</Filter>
    </ClCompile>
    <ClCompile Include="Process_Creation_Event_logic.c">
      <Filter>Source Files\이벤트\프로세스 생성</Filter>
    </ClCompile>
    <ClCompile Include="Process_Remove_Event_logic.c">
      <Filter>Source Files\이벤트\프로세스 종료</Filter>
    </ClCompile>
    <ClCompile Include="util_Delay_logic.c">
      <Filter>Source Files\유틸리티\잡동사니\대기시간</Filter>
    </ClCompile>
    <ClCompile Include="query_system_smbios_information_logic.c">
      <Filter>Source Files\유틸리티\잡동사니\SMBIOS</Filter>
    </ClCompile>
    <ClCompile Include="KEVENT_or_KMUTEX_init_logic.c">
      <Filter>Source Files\유틸리티\잡동사니\상호배제</Filter>
    </ClCompile>
    <ClCompile Include="API_Loader_logic.c">
      <Filter>Source Files\유틸리티\잡동사니\API_로더</Filter>
    </ClCompile>
    <ClCompile Include="Init_session_logic.c">
      <Filter>Source Files\EDR_간_세션\초기통신</Filter>
    </ClCompile>
    <ClCompile Include="Start_TCP_session_logic.c">
      <Filter>Source Files\EDR_간_세션\main</Filter>
    </ClCompile>
    <ClCompile Include="DynamicData_Linked_list_logic.c">
      <Filter>Source Files\유틸리티\길이기반_포맷\연결리스트</Filter>
    </ClCompile>
    <ClCompile Include="converter_String_logic.c">
      <Filter>Source Files\유틸리티\잡동사니\컨버터\문자열</Filter>
    </ClCompile>
    <ClCompile Include="Get_Time_logic.c">
      <Filter>Source Files\유틸리티\잡동사니\현재시간</Filter>
    </ClCompile>
    <ClCompile Include="DynamicData_2_lengthBuffer_logic.c">
      <Filter>Source Files\유틸리티\길이기반_포맷\연결리스트-&gt;버퍼 변환</Filter>
    </ClCompile>
    <ClCompile Include="SID.c">
      <Filter>Source Files\유틸리티\시스템프로세스 체커\SID</Filter>
    </ClCompile>
    <ClCompile Include="is_system_pid_logic.c">
      <Filter>Source Files\유틸리티\시스템프로세스 체커\is_system_check</Filter>
    </ClCompile>
    <ClCompile Include="TCP_send_or_Receiver_logic.c">
      <Filter>Source Files\유틸리티\잡동사니\TCP통신\송수신기</Filter>
    </ClCompile>
    <ClCompile Include="Socket_logic.c">
      <Filter>Source Files\유틸리티\잡동사니\TCP통신\소켓</Filter>
    </ClCompile>
    <ClCompile Include="session_comunicate_logic.c">
      <Filter>Source Files\EDR_간_세션\데이터통신</Filter>
    </ClCompile>
    <ClCompile Include="lengthBuffer_2_DynamicData_logic.c">
      <Filter>Source Files\유틸리티\길이기반_포맷\버퍼-&gt;연결리스트 변환</Filter>
    </ClCompile>
    <ClCompile Include="PROCESS_Request_ALL_Monitored_Data_logic.c">
      <Filter>Source Files\EDR_간_세션\데이터통신\Request_ALL_Monitored_Data</Filter>
    </ClCompile>
    <ClCompile Include="PROCESS_Request_Real_File_logic.c">
      <Filter>Source Files\EDR_간_세션\데이터통신\Request_Real_File</Filter>
    </ClCompile>
    <ClCompile Include="File_io_logic.c">
      <Filter>Source Files\유틸리티\잡동사니\파일IO</Filter>
    </ClCompile>
    <ClCompile Include="PE_Manager_logic.c">
      <Filter>Source Files\유틸리티\잡동사니\PE</Filter>
    </ClCompile>
    <ClCompile Include="SHA256_logic.c">
      <Filter>Source Files\유틸리티\잡동사니\해시\SHA256</Filter>
    </ClCompile>
    <ClCompile Include="Image_Load_Event_logic.c">
      <Filter>Source Files\이벤트\이미지</Filter>
    </ClCompile>
    <ClCompile Include="MiniFilter_logic.c">
      <Filter>Source Files\이벤트\파일시스템\미니필터등록기</Filter>
    </ClCompile>
    <ClCompile Include="MiniFilter_Handler.c">
      <Filter>Source Files\이벤트\파일시스템\미니필터핸들러</Filter>
    </ClCompile>
    <ClCompile Include="WorkItem_job_logic.c">
      <Filter>Source Files\이벤트\WorkItem</Filter>
    </ClCompile>
    <ClCompile Include="query_process_information_logic.c">
      <Filter>Source Files\유틸리티\잡동사니\컨버터\프로세스</Filter>
    </ClCompile>
    <ClCompile Include="Registry_Event_logic.c">
      <Filter>Source Files\이벤트\레지스트리 사용</Filter>
    </ClCompile>
    <ClCompile Include="my_ioctl_logic.c">
      <Filter>Source Files\유틸리티\IOCTL</Filter>
    </ClCompile>
    <ClCompile Include="Network_Event_logic.c">
      <Filter>Source Files\이벤트\네트워크</Filter>
    </ClCompile>
    <ClCompile Include="NDIS_work_logic.c">
      <Filter>Source Files\이벤트\네트워크\WORK</Filter>
    </ClCompile>
    <ClCompile Include="Response_Process_logic.c">
      <Filter>Source Files\차단\프로세스</Filter>
    </ClCompile>
    <ClCompile Include="Obregistercallbacks_regtister_logic.c">
      <Filter>Source Files\차단\프로세스\ObRegisterCallbakcs등록</Filter>
    </ClCompile>
    <ClCompile Include="PROCESS_Request_Process_Response_logic.c">
      <Filter>Source Files\EDR_간_세션\데이터통신\Response\Process</Filter>
    </ClCompile>
    <ClCompile Include="PROCESS_Request_Network_Response_logic.c">
      <Filter>Source Files\EDR_간_세션\데이터통신\Response\Network</Filter>
    </ClCompile>
    <ClCompile Include="Response_Network_logic.c">
      <Filter>Source Files\차단\네트워크</Filter>
    </ClCompile>
    <ClCompile Include="Response_File_logic.c">
      <Filter>Source Files\차단\파일</Filter>
    </ClCompile>
    <ClCompile Include="PROCESS_Request_File_Response_logic.c">
      <Filter>Source Files\EDR_간_세션\데이터통신\Response\File</Filter>
    </ClCompile>
  </ItemGroup>
  <ItemGroup>
    <ClInclude Include="OS_Version_Check.h">
      <Filter>Source Files\유틸리티\잡동사니\OS버전체커</Filter>
    </ClInclude>
    <ClInclude Include="Process_Creation_Event.h">
      <Filter>Source Files\이벤트\프로세스 생성</Filter>
    </ClInclude>
    <ClInclude Include="Event_Manager.h">
      <Filter>Source Files\이벤트\main</Filter>
    </ClInclude>
    <ClInclude Include="Process_Remove_Event.h">
      <Filter>Source Files\이벤트\프로세스 종료</Filter>
    </ClInclude>
    <ClInclude Include="util_Delay.h">
      <Filter>Source Files\유틸리티\잡동사니\대기시간</Filter>
    </ClInclude>
    <ClInclude Include="query_system_smbios_information.h">
      <Filter>Source Files\유틸리티\잡동사니\SMBIOS</Filter>
    </ClInclude>
    <ClInclude Include="SMBIOS_type_structs.h">
      <Filter>Source Files\유틸리티\잡동사니\SMBIOS</Filter>
    </ClInclude>
    <ClInclude Include="KEVENT_or_KMUTEX_init.h">
      <Filter>Source Files\유틸리티\잡동사니\상호배제</Filter>
    </ClInclude>
    <ClInclude Include="API_Loader.h">
      <Filter>Source Files\유틸리티\잡동사니\API_로더</Filter>
    </ClInclude>
    <ClInclude Include="API_functions.h">
      <Filter>Source Files\유틸리티\잡동사니\API_로더</Filter>
    </ClInclude>
    <ClInclude Include="API_structs.h">
      <Filter>Source Files\유틸리티\잡동사니\API_로더</Filter>
    </ClInclude>
    <ClInclude Include="Init_session.h">
      <Filter>Source Files\EDR_간_세션\초기통신</Filter>
    </ClInclude>
    <ClInclude Include="Start_TCP_session.h">
      <Filter>Source Files\EDR_간_세션\main</Filter>
    </ClInclude>
    <ClInclude Include="DynamicData_Linked_list.h">
      <Filter>Source Files\유틸리티\길이기반_포맷\연결리스트</Filter>
    </ClInclude>
    <ClInclude Include="Analysis_enum.h">
      <Filter>Source Files\EDR_간_세션\enum</Filter>
    </ClInclude>
    <ClInclude Include="converter_string.h">
      <Filter>Source Files\유틸리티\잡동사니\컨버터\문자열</Filter>
    </ClInclude>
    <ClInclude Include="DynamicData_2_lengthBuffer.h">
      <Filter>Source Files\유틸리티\길이기반_포맷\연결리스트-&gt;버퍼 변환</Filter>
    </ClInclude>
    <ClInclude Include="Get_Time.h">
      <Filter>Source Files\유틸리티\잡동사니\현재시간</Filter>
    </ClInclude>
    <ClInclude Include="SID.h">
      <Filter>Source Files\유틸리티\시스템프로세스 체커\SID</Filter>
    </ClInclude>
    <ClInclude Include="is_system_pid.h">
      <Filter>Source Files\유틸리티\시스템프로세스 체커\is_system_check</Filter>
    </ClInclude>
    <ClInclude Include="TCP_send_or_Receiver.h">
      <Filter>Source Files\유틸리티\잡동사니\TCP통신\송수신기</Filter>
    </ClInclude>
    <ClInclude Include="Socket.h">
      <Filter>Source Files\유틸리티\잡동사니\TCP통신\소켓</Filter>
    </ClInclude>
    <ClInclude Include="session_comunicate.h">
      <Filter>Source Files\EDR_간_세션\데이터통신</Filter>
    </ClInclude>
    <ClInclude Include="lengthBuffer_2_DynamicData.h">
      <Filter>Source Files\유틸리티\길이기반_포맷\버퍼-&gt;연결리스트 변환</Filter>
    </ClInclude>
    <ClInclude Include="PROCESS_Request_ALL_Monitored_Data.h">
      <Filter>Source Files\EDR_간_세션\데이터통신\Request_ALL_Monitored_Data</Filter>
    </ClInclude>
    <ClInclude Include="PROCESS_Request_Real_File.h">
      <Filter>Source Files\EDR_간_세션\데이터통신\Request_Real_File</Filter>
    </ClInclude>
    <ClInclude Include="File_io.h">
      <Filter>Source Files\유틸리티\잡동사니\파일IO</Filter>
    </ClInclude>
    <ClInclude Include="PE_Manager.h">
      <Filter>Source Files\유틸리티\잡동사니\PE</Filter>
    </ClInclude>
    <ClInclude Include="PE_Manager_Struct.h">
      <Filter>Source Files\유틸리티\잡동사니\PE</Filter>
    </ClInclude>
    <ClInclude Include="SHA256.h">
      <Filter>Source Files\유틸리티\잡동사니\해시\SHA256</Filter>
    </ClInclude>
    <ClInclude Include="Image_Load_Event.h">
      <Filter>Source Files\이벤트\이미지</Filter>
    </ClInclude>
    <ClInclude Include="MiniFilter.h">
      <Filter>Source Files\이벤트\파일시스템\미니필터등록기</Filter>
    </ClInclude>
    <ClInclude Include="MiniFilter_Handler.h">
      <Filter>Source Files\이벤트\파일시스템\미니필터핸들러</Filter>
    </ClInclude>
    <ClInclude Include="WorkItem_job.h">
      <Filter>Source Files\이벤트\WorkItem</Filter>
    </ClInclude>
    <ClInclude Include="Work_Item_struct.h">
      <Filter>Source Files\유틸리티\잡동사니\전역WorkItem 구조체</Filter>
    </ClInclude>
    <ClInclude Include="query_process_information.h">
      <Filter>Source Files\유틸리티\잡동사니\컨버터\프로세스</Filter>
    </ClInclude>
    <ClInclude Include="Registry_Event.h">
      <Filter>Source Files\이벤트\레지스트리 사용</Filter>
    </ClInclude>
    <ClInclude Include="Network_Event.h">
      <Filter>Source Files\이벤트\네트워크</Filter>
    </ClInclude>
    <ClInclude Include="my_ioctl.h">
      <Filter>Source Files\유틸리티\IOCTL</Filter>
    </ClInclude>
    <ClInclude Include="NDIS_work.h">
      <Filter>Source Files\이벤트\네트워크\WORK</Filter>
    </ClInclude>
    <ClInclude Include="Response_Process.h">
      <Filter>Source Files\차단\프로세스</Filter>
    </ClInclude>
    <ClInclude Include="Obregistercallbacks_regtister.h">
      <Filter>Source Files\차단\프로세스\ObRegisterCallbakcs등록</Filter>
    </ClInclude>
    <ClInclude Include="PROCESS_Request_Process_Response.h">
      <Filter>Source Files\EDR_간_세션\데이터통신\Response\Process</Filter>
    </ClInclude>
    <ClInclude Include="PROCESS_Request_Network_Response.h">
      <Filter>Source Files\EDR_간_세션\데이터통신\Response\Network</Filter>
    </ClInclude>
    <ClInclude Include="Response_Network.h">
      <Filter>Source Files\차단\네트워크</Filter>
    </ClInclude>
    <ClInclude Include="Response_File.h">
      <Filter>Source Files\차단\파일</Filter>
    </ClInclude>
    <ClInclude Include="PROCESS_Request_File_Response.h">
      <Filter>Source Files\EDR_간_세션\데이터통신\Response\File</Filter>
    </ClInclude>
  </ItemGroup>
</Project>